
Microsoft Visual Studio Solution File, Format Version 12.00
# Visual Studio Version 17
VisualStudioVersion = 17.10.34916.146
MinimumVisualStudioVersion = 10.0.40219.1
Project("{FAE04EC0-301F-11D3-BF4B-00C04F79EFBC}") = "BUS_QLKhoHang", "BUS_QLKhoHang\BUS_QLKhoHang.csproj", "{D4B70E4B-34BF-49C3-A03A-AFDB0B37F291}"
EndProject
Project("{FAE04EC0-301F-11D3-BF4B-00C04F79EFBC}") = "DAL_QLKhoHang", "DAL_QLKhoHang\DAL_QLKhoHang.csproj", "{75BE1069-F8D1-4320-BE69-BCFF1BC4643B}"
EndProject
Project("{FAE04EC0-301F-11D3-BF4B-00C04F79EFBC}") = "DTO_QLKhoHang", "DTO_QLKhoHang\DTO_QLKhoHang.csproj", "{DF48EB4C-A930-4D3A-ABF0-8E7BB5989528}"
EndProject
Project("{FAE04EC0-301F-11D3-BF4B-00C04F79EFBC}") = "GUI_QLKhoHang", "GUI_QLKhoHang\GUI_QLKhoHang.csproj", "{ED268353-4D7C-4F39-A39D-80C208540638}"
EndProject
Global
	GlobalSection(SolutionConfigurationPlatforms) = preSolution
		Debug|Any CPU = Debug|Any CPU
		Release|Any CPU = Release|Any CPU
	EndGlobalSection
	GlobalSection(ProjectConfigurationPlatforms) = postSolution
		{D4B70E4B-34BF-49C3-A03A-AFDB0B37F291}.Debug|Any CPU.ActiveCfg = Debug|Any CPU
		{D4B70E4B-34BF-49C3-A03A-AFDB0B37F291}.Debug|Any CPU.Build.0 = Debug|Any CPU
		{D4B70E4B-34BF-49C3-A03A-AFDB0B37F291}.Release|Any CPU.ActiveCfg = Release|Any CPU
		{D4B70E4B-34BF-49C3-A03A-AFDB0B37F291}.Release|Any CPU.Build.0 = Release|Any CPU
		{75BE1069-F8D1-4320-BE69-BCFF1BC4643B}.Debug|Any CPU.ActiveCfg = Debug|Any CPU
		{75BE1069-F8D1-4320-BE69-BCFF1BC4643B}.Debug|Any CPU.Build.0 = Debug|Any CPU
		{75BE1069-F8D1-4320-BE69-BCFF1BC4643B}.Release|Any CPU.ActiveCfg = Release|Any CPU
		{75BE1069-F8D1-4320-BE69-BCFF1BC4643B}.Release|Any CPU.Build.0 = Release|Any CPU
		{DF48EB4C-A930-4D3A-ABF0-8E7BB5989528}.Debug|Any CPU.ActiveCfg = Debug|Any CPU
		{DF48EB4C-A930-4D3A-ABF0-8E7BB5989528}.Debug|Any CPU.Build.0 = Debug|Any CPU
		{DF48EB4C-A930-4D3A-ABF0-8E7BB5989528}.Release|Any CPU.ActiveCfg = Release|Any CPU
		{DF48EB4C-A930-4D3A-ABF0-8E7BB5989528}.Release|Any CPU.Build.0 = Release|Any CPU
		{ED268353-4D7C-4F39-A39D-80C208540638}.Debug|Any CPU.ActiveCfg = Debug|Any CPU
		{ED268353-4D7C-4F39-A39D-80C208540638}.Debug|Any CPU.Build.0 = Debug|Any CPU
		{ED268353-4D7C-4F39-A39D-80C208540638}.Release|Any CPU.ActiveCfg = Release|Any CPU
		{ED268353-4D7C-4F39-A39D-80C208540638}.Release|Any CPU.Build.0 = Release|Any CPU
	EndGlobalSection
	GlobalSection(SolutionProperties) = preSolution
		HideSolutionNode = FALSE
	EndGlobalSection
	GlobalSection(ExtensibilityGlobals) = postSolution
		SolutionGuid = {0032DF15-F8A5-400A-BB01-11A104FE5F69}
	EndGlobalSection
EndGlobal
